
Microsoft Visual Studio Solution File, Format Version 12.00
# Visual Studio 15
VisualStudioVersion = 15.0.27004.2006
MinimumVisualStudioVersion = 10.0.40219.1
Project("{FAE04EC0-301F-11D3-BF4B-00C04F79EFBC}") = "TechJobsMVC2", "TechJobsMVC2\TechJobsMVC2.csproj", "{D169EC6A-A392-4850-AA82-CD78FA6673C2}"
EndProject
Global
	GlobalSection(SolutionConfigurationPlatforms) = preSolution
		Debug|Any CPU = Debug|Any CPU
		Release|Any CPU = Release|Any CPU
	EndGlobalSection
	GlobalSection(ProjectConfigurationPlatforms) = postSolution
		{D169EC6A-A392-4850-AA82-CD78FA6673C2}.Debug|Any CPU.ActiveCfg = Debug|Any CPU
		{D169EC6A-A392-4850-AA82-CD78FA6673C2}.Debug|Any CPU.Build.0 = Debug|Any CPU
		{D169EC6A-A392-4850-AA82-CD78FA6673C2}.Release|Any CPU.ActiveCfg = Release|Any CPU
		{D169EC6A-A392-4850-AA82-CD78FA6673C2}.Release|Any CPU.Build.0 = Release|Any CPU
	EndGlobalSection
	GlobalSection(SolutionProperties) = preSolution
		HideSolutionNode = FALSE
	EndGlobalSection
	GlobalSection(ExtensibilityGlobals) = postSolution
		SolutionGuid = {C1D22DE5-64CE-46AD-B668-7C8AC5DB233C}
	EndGlobalSection
EndGlobal
